// !$*UTF8*$!
{
	archiveVersion = 1;
	classes = {
	};
	objectVersion = 46;
	objects = {

/* Begin PBXBuildFile section */
		FADA2E161D203A41003D9A8E /* main.m in Sources */ = {isa = PBXBuildFile; fileRef = FADA2E151D203A41003D9A8E /* main.m */; };
		FADA2E1E1D203D1F003D9A8E /* XAPIPCHandler.m in Sources */ = {isa = PBXBuildFile; fileRef = FADA2E1D1D203D1F003D9A8E /* XAPIPCHandler.m */; };
/* End PBXBuildFile section */

/* Begin PBXCopyFilesBuildPhase section */
		FADA2E101D203A41003D9A8E /* CopyFiles */ = {
			isa = PBXCopyFilesBuildPhase;
			buildActionMask = 2147483647;
			dstPath = /usr/share/man/man1/;
			dstSubfolderSpec = 0;
			files = (
			);
			runOnlyForDeploymentPostprocessing = 1;
		};
/* End PBXCopyFilesBuildPhase section */

/* Begin PBXFileReference section */
		FADA2E121D203A41003D9A8E /* XAPFreeDaemon */ = {isa = PBXFileReference; explicitFileType = "compiled.mach-o.executable"; includeInIndex = 0; path = XAPFreeDaemon; sourceTree = BUILT_PRODUCTS_DIR; };
		FADA2E151D203A41003D9A8E /* main.m */ = {isa = PBXFileReference; lastKnownFileType = sourcecode.c.objc; path = main.m; sourceTree = "<group>"; };
		FADA2E1C1D203D1F003D9A8E /* XAPIPCHandler.h */ = {isa = PBXFileReference; fileEncoding = 4; lastKnownFileType = sourcecode.c.h; path = XAPIPCHandler.h; sourceTree = "<group>"; };
		FADA2E1D1D203D1F003D9A8E /* XAPIPCHandler.m */ = {isa = PBXFileReference; fileEncoding = 4; lastKnownFileType = sourcecode.c.objc; path = XAPIPCHandler.m; sourceTree = "<group>"; };
/* End PBXFileReference section */

/* Begin PBXFrameworksBuildPhase section */
		FADA2E0F1D203A41003D9A8E /* Frameworks */ = {
			isa = PBXFrameworksBuildPhase;
			buildActionMask = 2147483647;
			files = (
			);
			runOnlyForDeploymentPostprocessing = 0;
		};
/* End PBXFrameworksBuildPhase section */

/* Begin PBXGroup section */
		FADA2E091D203A41003D9A8E = {
			isa = PBXGroup;
			children = (
				FADA2E141D203A41003D9A8E /* XAPFreeDaemon */,
				FADA2E131D203A41003D9A8E /* Products */,
			);
			sourceTree = "<group>";
		};
		FADA2E131D203A41003D9A8E /* Products */ = {
			isa = PBXGroup;
			children = (
				FADA2E121D203A41003D9A8E /* XAPFreeDaemon */,
			);
			name = Products;
			sourceTree = "<group>";
		};
		FADA2E141D203A41003D9A8E /* XAPFreeDaemon */ = {
			isa = PBXGroup;
			children = (
				FADA2E151D203A41003D9A8E /* main.m */,
				FADA2E1C1D203D1F003D9A8E /* XAPIPCHandler.h */,
				FADA2E1D1D203D1F003D9A8E /* XAPIPCHandler.m */,
			);
			path = XAPFreeDaemon;
			sourceTree = "<group>";
		};
/* End PBXGroup section */

/* Begin PBXNativeTarget section */
		FADA2E111D203A41003D9A8E /* XAPFreeDaemon */ = {
			isa = PBXNativeTarget;
			buildConfigurationList = FADA2E191D203A41003D9A8E /* Build configuration list for PBXNativeTarget "XAPFreeDaemon" */;
			buildPhases = (
				FADA2E0E1D203A41003D9A8E /* Sources */,
				FADA2E0F1D203A41003D9A8E /* Frameworks */,
				FADA2E101D203A41003D9A8E /* CopyFiles */,
			);
			buildRules = (
			);
			dependencies = (
			);
			name = XAPFreeDaemon;
			productName = XAPFreeDaemon;
			productReference = FADA2E121D203A41003D9A8E /* XAPFreeDaemon */;
			productType = "com.apple.product-type.tool";
		};
/* End PBXNativeTarget section */

/* Begin PBXProject section */
		FADA2E0A1D203A41003D9A8E /* Project object */ = {
			isa = PBXProject;
			attributes = {
				LastUpgradeCheck = 0720;
				ORGANIZATIONNAME = NavilleZhang;
				TargetAttributes = {
					FADA2E111D203A41003D9A8E = {
						CreatedOnToolsVersion = 7.2.1;
					};
				};
			};
			buildConfigurationList = FADA2E0D1D203A41003D9A8E /* Build configuration list for PBXProject "XAPFreeDaemon" */;
			compatibilityVersion = "Xcode 3.2";
			developmentRegion = English;
			hasScannedForEncodings = 0;
			knownRegions = (
				en,
			);
			mainGroup = FADA2E091D203A41003D9A8E;
			productRefGroup = FADA2E131D203A41003D9A8E /* Products */;
			projectDirPath = "";
			projectRoot = "";
			targets = (
				FADA2E111D203A41003D9A8E /* XAPFreeDaemon */,
			);
		};
/* End PBXProject section */

/* Begin PBXSourcesBuildPhase section */
		FADA2E0E1D203A41003D9A8E /* Sources */ = {
			isa = PBXSourcesBuildPhase;
			buildActionMask = 2147483647;
			files = (
				FADA2E161D203A41003D9A8E /* main.m in Sources */,
				FADA2E1E1D203D1F003D9A8E /* XAPIPCHandler.m in Sources */,
			);
			runOnlyForDeploymentPostprocessing = 0;
		};
/* End PBXSourcesBuildPhase section */

/* Begin XCBuildConfiguration section */
		FADA2E171D203A41003D9A8E /* Debug */ = {
			isa = XCBuildConfiguration;
			buildSettings = {
				ALWAYS_SEARCH_USER_PATHS = NO;
				CLANG_CXX_LANGUAGE_STANDARD = "gnu++0x";
				CLANG_CXX_LIBRARY = "libc++";
				CLANG_ENABLE_MODULES = YES;
				CLANG_ENABLE_OBJC_ARC = YES;
				CLANG_WARN_BOOL_CONVERSION = YES;
				CLANG_WARN_CONSTANT_CONVERSION = YES;
				CLANG_WARN_DIRECT_OBJC_ISA_USAGE = YES_ERROR;
				CLANG_WARN_EMPTY_BODY = YES;
				CLANG_WARN_ENUM_CONVERSION = YES;
				CLANG_WARN_INT_CONVERSION = YES;
				CLANG_WARN_OBJC_ROOT_CLASS = YES_ERROR;
				CLANG_WARN_UNREACHABLE_CODE = YES;
				CLANG_WARN__DUPLICATE_METHOD_MATCH = YES;
				CODE_SIGN_IDENTITY = "-";
				COPY_PHASE_STRIP = NO;
				DEBUG_INFORMATION_FORMAT = dwarf;
				ENABLE_STRICT_OBJC_MSGSEND = YES;
				ENABLE_TESTABILITY = YES;
				GCC_C_LANGUAGE_STANDARD = gnu99;
				GCC_DYNAMIC_NO_PIC = NO;
				GCC_NO_COMMON_BLOCKS = YES;
				GCC_OPTIMIZATION_LEVEL = 0;
				GCC_PREPROCESSOR_DEFINITIONS = (
					"DEBUG=1",
					"$(inherited)",
				);
				GCC_WARN_64_TO_32_BIT_CONVERSION = YES;
				GCC_WARN_ABOUT_RETURN_TYPE = YES_ERROR;
				GCC_WARN_UNDECLARED_SELECTOR = YES;
				GCC_WARN_UNINITIALIZED_AUTOS = YES_AGGRESSIVE;
				GCC_WARN_UNUSED_FUNCTION = YES;
				GCC_WARN_UNUSED_VARIABLE = YES;
				MACOSX_DEPLOYMENT_TARGET = 10.11;
				MTL_ENABLE_DEBUG_INFO = YES;
				ONLY_ACTIVE_ARCH = YES;
				SDKROOT = macosx;
			};
			name = Debug;
		};
		FADA2E181D203A41003D9A8E /* Release */ = {
			isa = XCBuildConfiguration;
			buildSettings = {
				ALWAYS_SEARCH_USER_PATHS = NO;
				CLANG_CXX_LANGUAGE_STANDARD = "gnu++0x";
				CLANG_CXX_LIBRARY = "libc++";
				CLANG_ENABLE_MODULES = YES;
				CLANG_ENABLE_OBJC_ARC = YES;
				CLANG_WARN_BOOL_CONVERSION = YES;
				CLANG_WARN_CONSTANT_CONVERSION = YES;
				CLANG_WARN_DIRECT_OBJC_ISA_USAGE = YES_ERROR;
				CLANG_WARN_EMPTY_BODY = YES;
				CLANG_WARN_ENUM_CONVERSION = YES;
				CLANG_WARN_INT_CONVERSION = YES;
				CLANG_WARN_OBJC_ROOT_CLASS = YES_ERROR;
				CLANG_WARN_UNREACHABLE_CODE = YES;
				CLANG_WARN__DUPLICATE_METHOD_MATCH = YES;
				CODE_SIGN_IDENTITY = "-";
				COPY_PHASE_STRIP = NO;
				DEBUG_INFORMATION_FORMAT = "dwarf-with-dsym";
				ENABLE_NS_ASSERTIONS = NO;
				ENABLE_STRICT_OBJC_MSGSEND = YES;
				GCC_C_LANGUAGE_STANDARD = gnu99;
				GCC_NO_COMMON_BLOCKS = YES;
				GCC_WARN_64_TO_32_BIT_CONVERSION = YES;
				GCC_WARN_ABOUT_RETURN_TYPE = YES_ERROR;
				GCC_WARN_UNDECLARED_SELECTOR = YES;
				GCC_WARN_UNINITIALIZED_AUTOS = YES_AGGRESSIVE;
				GCC_WARN_UNUSED_FUNCTION = YES;
				GCC_WARN_UNUSED_VARIABLE = YES;
				MACOSX_DEPLOYMENT_TARGET = 10.11;
				MTL_ENABLE_DEBUG_INFO = NO;
				SDKROOT = macosx;
			};
			name = Release;
		};
		FADA2E1A1D203A41003D9A8E /* Debug */ = {
			isa = XCBuildConfiguration;
			buildSettings = {
				PRODUCT_NAME = "$(TARGET_NAME)";
			};
			name = Debug;
		};
		FADA2E1B1D203A41003D9A8E /* Release */ = {
			isa = XCBuildConfiguration;
			buildSettings = {
				PRODUCT_NAME = "$(TARGET_NAME)";
			};
			name = Release;
		};
/* End XCBuildConfiguration section */

/* Begin XCConfigurationList section */
		FADA2E0D1D203A41003D9A8E /* Build configuration list for PBXProject "XAPFreeDaemon" */ = {
			isa = XCConfigurationList;
			buildConfigurations = (
				FADA2E171D203A41003D9A8E /* Debug */,
				FADA2E181D203A41003D9A8E /* Release */,
			);
			defaultConfigurationIsVisible = 0;
			defaultConfigurationName = Release;
		};
		FADA2E191D203A41003D9A8E /* Build configuration list for PBXNativeTarget "XAPFreeDaemon" */ = {
			isa = XCConfigurationList;
			buildConfigurations = (
				FADA2E1A1D203A41003D9A8E /* Debug */,
				FADA2E1B1D203A41003D9A8E /* Release */,
			);
			defaultConfigurationIsVisible = 0;
			defaultConfigurationName = Release;
		};
/* End XCConfigurationList section */
	};
	rootObject = FADA2E0A1D203A41003D9A8E /* Project object */;
}
